// !$*UTF8*$!
{
	archiveVersion = 1;
	classes = {
	};
	objectVersion = 50;
	objects = {

/* Begin PBXBuildFile section */
		F68E5FF2237C897800D89741 /* AppDelegate.swift in Sources */ = {isa = PBXBuildFile; fileRef = F68E5FF1237C897800D89741 /* AppDelegate.swift */; };
		F68E5FF4237C897800D89741 /* SceneDelegate.swift in Sources */ = {isa = PBXBuildFile; fileRef = F68E5FF3237C897800D89741 /* SceneDelegate.swift */; };
		F68E5FF6237C897800D89741 /* ViewController.swift in Sources */ = {isa = PBXBuildFile; fileRef = F68E5FF5237C897800D89741 /* ViewController.swift */; };
		F68E5FF9237C897800D89741 /* Main.storyboard in Resources */ = {isa = PBXBuildFile; fileRef = F68E5FF7237C897800D89741 /* Main.storyboard */; };
		F68E5FFB237C897A00D89741 /* Assets.xcassets in Resources */ = {isa = PBXBuildFile; fileRef = F68E5FFA237C897A00D89741 /* Assets.xcassets */; };
		F68E5FFE237C897A00D89741 /* LaunchScreen.storyboard in Resources */ = {isa = PBXBuildFile; fileRef = F68E5FFC237C897A00D89741 /* LaunchScreen.storyboard */; };
		F68E600C237C89A400D89741 /* TDDHomeWorkTests.swift in Sources */ = {isa = PBXBuildFile; fileRef = F68E600B237C89A400D89741 /* TDDHomeWorkTests.swift */; };
		F68E6014237C89D800D89741 /* PersonTests.swift in Sources */ = {isa = PBXBuildFile; fileRef = F68E6013237C89D800D89741 /* PersonTests.swift */; };
		F68E6017237C8A2700D89741 /* Person.swift in Sources */ = {isa = PBXBuildFile; fileRef = F68E6016237C8A2700D89741 /* Person.swift */; };
		F6BA5BFC23807F9F00A21A0B /* ContactManager.swift in Sources */ = {isa = PBXBuildFile; fileRef = F6BA5BFB23807F9F00A21A0B /* ContactManager.swift */; };
		F6BA5BFE23807FCA00A21A0B /* ContactManagerTests.swift in Sources */ = {isa = PBXBuildFile; fileRef = F6BA5BFD23807FCA00A21A0B /* ContactManagerTests.swift */; };
		F6BA5C092380956800A21A0B /* ViewControllerTests.swift in Sources */ = {isa = PBXBuildFile; fileRef = F6BA5C082380956800A21A0B /* ViewControllerTests.swift */; };
		F6BA5C242380A31300A21A0B /* TDDHomeWorkUITests.swift in Sources */ = {isa = PBXBuildFile; fileRef = F6BA5C232380A31300A21A0B /* TDDHomeWorkUITests.swift */; };
/* End PBXBuildFile section */

/* Begin PBXContainerItemProxy section */
		F68E600E237C89A400D89741 /* PBXContainerItemProxy */ = {
			isa = PBXContainerItemProxy;
			containerPortal = F68E5FE6237C897800D89741 /* Project object */;
			proxyType = 1;
			remoteGlobalIDString = F68E5FED237C897800D89741;
			remoteInfo = TDDHomeWork;
		};
		F6BA5C262380A31300A21A0B /* PBXContainerItemProxy */ = {
			isa = PBXContainerItemProxy;
			containerPortal = F68E5FE6237C897800D89741 /* Project object */;
			proxyType = 1;
			remoteGlobalIDString = F68E5FED237C897800D89741;
			remoteInfo = TDDHomeWork;
		};
/* End PBXContainerItemProxy section */

/* Begin PBXFileReference section */
		F68E5FEE237C897800D89741 /* TDDHomeWork.app */ = {isa = PBXFileReference; explicitFileType = wrapper.application; includeInIndex = 0; path = TDDHomeWork.app; sourceTree = BUILT_PRODUCTS_DIR; };
		F68E5FF1237C897800D89741 /* AppDelegate.swift */ = {isa = PBXFileReference; lastKnownFileType = sourcecode.swift; path = AppDelegate.swift; sourceTree = "<group>"; };
		F68E5FF3237C897800D89741 /* SceneDelegate.swift */ = {isa = PBXFileReference; lastKnownFileType = sourcecode.swift; path = SceneDelegate.swift; sourceTree = "<group>"; };
		F68E5FF5237C897800D89741 /* ViewController.swift */ = {isa = PBXFileReference; lastKnownFileType = sourcecode.swift; path = ViewController.swift; sourceTree = "<group>"; };
		F68E5FF8237C897800D89741 /* Base */ = {isa = PBXFileReference; lastKnownFileType = file.storyboard; name = Base; path = Base.lproj/Main.storyboard; sourceTree = "<group>"; };
		F68E5FFA237C897A00D89741 /* Assets.xcassets */ = {isa = PBXFileReference; lastKnownFileType = folder.assetcatalog; path = Assets.xcassets; sourceTree = "<group>"; };
		F68E5FFD237C897A00D89741 /* Base */ = {isa = PBXFileReference; lastKnownFileType = file.storyboard; name = Base; path = Base.lproj/LaunchScreen.storyboard; sourceTree = "<group>"; };
		F68E5FFF237C897A00D89741 /* Info.plist */ = {isa = PBXFileReference; lastKnownFileType = text.plist.xml; path = Info.plist; sourceTree = "<group>"; };
		F68E6009237C89A400D89741 /* TDDHomeWorkTests.xctest */ = {isa = PBXFileReference; explicitFileType = wrapper.cfbundle; includeInIndex = 0; path = TDDHomeWorkTests.xctest; sourceTree = BUILT_PRODUCTS_DIR; };
		F68E600B237C89A400D89741 /* TDDHomeWorkTests.swift */ = {isa = PBXFileReference; lastKnownFileType = sourcecode.swift; path = TDDHomeWorkTests.swift; sourceTree = "<group>"; };
		F68E600D237C89A400D89741 /* Info.plist */ = {isa = PBXFileReference; lastKnownFileType = text.plist.xml; path = Info.plist; sourceTree = "<group>"; };
		F68E6013237C89D800D89741 /* PersonTests.swift */ = {isa = PBXFileReference; lastKnownFileType = sourcecode.swift; path = PersonTests.swift; sourceTree = "<group>"; };
		F68E6016237C8A2700D89741 /* Person.swift */ = {isa = PBXFileReference; lastKnownFileType = sourcecode.swift; path = Person.swift; sourceTree = "<group>"; };
		F6BA5BFB23807F9F00A21A0B /* ContactManager.swift */ = {isa = PBXFileReference; lastKnownFileType = sourcecode.swift; path = ContactManager.swift; sourceTree = "<group>"; };
		F6BA5BFD23807FCA00A21A0B /* ContactManagerTests.swift */ = {isa = PBXFileReference; lastKnownFileType = sourcecode.swift; path = ContactManagerTests.swift; sourceTree = "<group>"; };
		F6BA5C082380956800A21A0B /* ViewControllerTests.swift */ = {isa = PBXFileReference; lastKnownFileType = sourcecode.swift; path = ViewControllerTests.swift; sourceTree = "<group>"; };
		F6BA5C212380A31300A21A0B /* TDDHomeWorkUITests.xctest */ = {isa = PBXFileReference; explicitFileType = wrapper.cfbundle; includeInIndex = 0; path = TDDHomeWorkUITests.xctest; sourceTree = BUILT_PRODUCTS_DIR; };
		F6BA5C232380A31300A21A0B /* TDDHomeWorkUITests.swift */ = {isa = PBXFileReference; lastKnownFileType = sourcecode.swift; path = TDDHomeWorkUITests.swift; sourceTree = "<group>"; };
		F6BA5C252380A31300A21A0B /* Info.plist */ = {isa = PBXFileReference; lastKnownFileType = text.plist.xml; path = Info.plist; sourceTree = "<group>"; };
/* End PBXFileReference section */

/* Begin PBXFrameworksBuildPhase section */
		F68E5FEB237C897800D89741 /* Frameworks */ = {
			isa = PBXFrameworksBuildPhase;
			buildActionMask = 2147483647;
			files = (
			);
			runOnlyForDeploymentPostprocessing = 0;
		};
		F68E6006237C89A400D89741 /* Frameworks */ = {
			isa = PBXFrameworksBuildPhase;
			buildActionMask = 2147483647;
			files = (
			);
			runOnlyForDeploymentPostprocessing = 0;
		};
		F6BA5C1E2380A31300A21A0B /* Frameworks */ = {
			isa = PBXFrameworksBuildPhase;
			buildActionMask = 2147483647;
			files = (
			);
			runOnlyForDeploymentPostprocessing = 0;
		};
/* End PBXFrameworksBuildPhase section */

/* Begin PBXGroup section */
		F68E5FE5237C897800D89741 = {
			isa = PBXGroup;
			children = (
				F68E5FF0237C897800D89741 /* TDDHomeWork */,
				F68E600A237C89A400D89741 /* TDDHomeWorkTests */,
				F6BA5C222380A31300A21A0B /* TDDHomeWorkUITests */,
				F68E5FEF237C897800D89741 /* Products */,
			);
			sourceTree = "<group>";
		};
		F68E5FEF237C897800D89741 /* Products */ = {
			isa = PBXGroup;
			children = (
				F68E5FEE237C897800D89741 /* TDDHomeWork.app */,
				F68E6009237C89A400D89741 /* TDDHomeWorkTests.xctest */,
				F6BA5C212380A31300A21A0B /* TDDHomeWorkUITests.xctest */,
			);
			name = Products;
			sourceTree = "<group>";
		};
		F68E5FF0237C897800D89741 /* TDDHomeWork */ = {
			isa = PBXGroup;
			children = (
				F6BA5BFA23807F6100A21A0B /* Managers */,
				F68E6015237C8A1300D89741 /* Model */,
				F6BA5C042380946200A21A0B /* Views */,
				F6BA5BFF238093CE00A21A0B /* Storyboards  */,
				F6BA5C02238093EC00A21A0B /* Source */,
				F6BA5C032380941600A21A0B /* Support */,
			);
			path = TDDHomeWork;
			sourceTree = "<group>";
		};
		F68E600A237C89A400D89741 /* TDDHomeWorkTests */ = {
			isa = PBXGroup;
			children = (
				F6BA5C072380949D00A21A0B /* ViewControllers */,
				F6BA5BF723807F1E00A21A0B /* Managers */,
				F6BA5BF623807EC200A21A0B /* Models */,
				F68E600D237C89A400D89741 /* Info.plist */,
				F68E600B237C89A400D89741 /* TDDHomeWorkTests.swift */,
			);
			path = TDDHomeWorkTests;
			sourceTree = "<group>";
		};
		F68E6015237C8A1300D89741 /* Model */ = {
			isa = PBXGroup;
			children = (
				F68E6016237C8A2700D89741 /* Person.swift */,
			);
			path = Model;
			sourceTree = "<group>";
		};
		F6BA5BF623807EC200A21A0B /* Models */ = {
			isa = PBXGroup;
			children = (
				F68E6013237C89D800D89741 /* PersonTests.swift */,
			);
			path = Models;
			sourceTree = "<group>";
		};
		F6BA5BF723807F1E00A21A0B /* Managers */ = {
			isa = PBXGroup;
			children = (
				F6BA5BFD23807FCA00A21A0B /* ContactManagerTests.swift */,
			);
			path = Managers;
			sourceTree = "<group>";
		};
		F6BA5BFA23807F6100A21A0B /* Managers */ = {
			isa = PBXGroup;
			children = (
				F6BA5BFB23807F9F00A21A0B /* ContactManager.swift */,
			);
			path = Managers;
			sourceTree = "<group>";
		};
		F6BA5BFF238093CE00A21A0B /* Storyboards  */ = {
			isa = PBXGroup;
			children = (
				F68E5FF7237C897800D89741 /* Main.storyboard */,
				F68E5FFC237C897A00D89741 /* LaunchScreen.storyboard */,
			);
			path = "Storyboards ";
			sourceTree = "<group>";
		};
		F6BA5C02238093EC00A21A0B /* Source */ = {
			isa = PBXGroup;
			children = (
				F68E5FFA237C897A00D89741 /* Assets.xcassets */,
			);
			path = Source;
			sourceTree = "<group>";
		};
		F6BA5C032380941600A21A0B /* Support */ = {
			isa = PBXGroup;
			children = (
				F68E5FFF237C897A00D89741 /* Info.plist */,
				F68E5FF1237C897800D89741 /* AppDelegate.swift */,
				F68E5FF3237C897800D89741 /* SceneDelegate.swift */,
			);
			path = Support;
			sourceTree = "<group>";
		};
		F6BA5C042380946200A21A0B /* Views */ = {
			isa = PBXGroup;
			children = (
				F68E5FF5237C897800D89741 /* ViewController.swift */,
			);
			path = Views;
			sourceTree = "<group>";
		};
		F6BA5C072380949D00A21A0B /* ViewControllers */ = {
			isa = PBXGroup;
			children = (
				F6BA5C082380956800A21A0B /* ViewControllerTests.swift */,
			);
			path = ViewControllers;
			sourceTree = "<group>";
		};
		F6BA5C222380A31300A21A0B /* TDDHomeWorkUITests */ = {
			isa = PBXGroup;
			children = (
				F6BA5C232380A31300A21A0B /* TDDHomeWorkUITests.swift */,
				F6BA5C252380A31300A21A0B /* Info.plist */,
			);
			path = TDDHomeWorkUITests;
			sourceTree = "<group>";
		};
/* End PBXGroup section */

/* Begin PBXNativeTarget section */
		F68E5FED237C897800D89741 /* TDDHomeWork */ = {
			isa = PBXNativeTarget;
			buildConfigurationList = F68E6002237C897A00D89741 /* Build configuration list for PBXNativeTarget "TDDHomeWork" */;
			buildPhases = (
				F68E5FEA237C897800D89741 /* Sources */,
				F68E5FEB237C897800D89741 /* Frameworks */,
				F68E5FEC237C897800D89741 /* Resources */,
			);
			buildRules = (
			);
			dependencies = (
			);
			name = TDDHomeWork;
			productName = TDDHomeWork;
			productReference = F68E5FEE237C897800D89741 /* TDDHomeWork.app */;
			productType = "com.apple.product-type.application";
		};
		F68E6008237C89A400D89741 /* TDDHomeWorkTests */ = {
			isa = PBXNativeTarget;
			buildConfigurationList = F68E6010237C89A400D89741 /* Build configuration list for PBXNativeTarget "TDDHomeWorkTests" */;
			buildPhases = (
				F68E6005237C89A400D89741 /* Sources */,
				F68E6006237C89A400D89741 /* Frameworks */,
				F68E6007237C89A400D89741 /* Resources */,
			);
			buildRules = (
			);
			dependencies = (
				F68E600F237C89A400D89741 /* PBXTargetDependency */,
			);
			name = TDDHomeWorkTests;
			productName = TDDHomeWorkTests;
			productReference = F68E6009237C89A400D89741 /* TDDHomeWorkTests.xctest */;
			productType = "com.apple.product-type.bundle.unit-test";
		};
		F6BA5C202380A31300A21A0B /* TDDHomeWorkUITests */ = {
			isa = PBXNativeTarget;
			buildConfigurationList = F6BA5C282380A31300A21A0B /* Build configuration list for PBXNativeTarget "TDDHomeWorkUITests" */;
			buildPhases = (
				F6BA5C1D2380A31300A21A0B /* Sources */,
				F6BA5C1E2380A31300A21A0B /* Frameworks */,
				F6BA5C1F2380A31300A21A0B /* Resources */,
			);
			buildRules = (
			);
			dependencies = (
				F6BA5C272380A31300A21A0B /* PBXTargetDependency */,
			);
			name = TDDHomeWorkUITests;
			productName = TDDHomeWorkUITests;
			productReference = F6BA5C212380A31300A21A0B /* TDDHomeWorkUITests.xctest */;
			productType = "com.apple.product-type.bundle.ui-testing";
		};
/* End PBXNativeTarget section */

/* Begin PBXProject section */
		F68E5FE6237C897800D89741 /* Project object */ = {
			isa = PBXProject;
			attributes = {
				LastSwiftUpdateCheck = 1120;
				LastUpgradeCheck = 1120;
				ORGANIZATIONNAME = "Роман Важник";
				TargetAttributes = {
					F68E5FED237C897800D89741 = {
						CreatedOnToolsVersion = 11.2;
					};
					F68E6008237C89A400D89741 = {
						CreatedOnToolsVersion = 11.2;
						TestTargetID = F68E5FED237C897800D89741;
					};
					F6BA5C202380A31300A21A0B = {
						CreatedOnToolsVersion = 11.2.1;
						TestTargetID = F68E5FED237C897800D89741;
					};
				};
			};
			buildConfigurationList = F68E5FE9237C897800D89741 /* Build configuration list for PBXProject "TDDHomeWork" */;
			compatibilityVersion = "Xcode 9.3";
			developmentRegion = en;
			hasScannedForEncodings = 0;
			knownRegions = (
				en,
				Base,
			);
			mainGroup = F68E5FE5237C897800D89741;
			productRefGroup = F68E5FEF237C897800D89741 /* Products */;
			projectDirPath = "";
			projectRoot = "";
			targets = (
				F68E5FED237C897800D89741 /* TDDHomeWork */,
				F68E6008237C89A400D89741 /* TDDHomeWorkTests */,
				F6BA5C202380A31300A21A0B /* TDDHomeWorkUITests */,
			);
		};
/* End PBXProject section */

/* Begin PBXResourcesBuildPhase section */
		F68E5FEC237C897800D89741 /* Resources */ = {
			isa = PBXResourcesBuildPhase;
			buildActionMask = 2147483647;
			files = (
				F68E5FFE237C897A00D89741 /* LaunchScreen.storyboard in Resources */,
				F68E5FFB237C897A00D89741 /* Assets.xcassets in Resources */,
				F68E5FF9237C897800D89741 /* Main.storyboard in Resources */,
			);
			runOnlyForDeploymentPostprocessing = 0;
		};
		F68E6007237C89A400D89741 /* Resources */ = {
			isa = PBXResourcesBuildPhase;
			buildActionMask = 2147483647;
			files = (
			);
			runOnlyForDeploymentPostprocessing = 0;
		};
		F6BA5C1F2380A31300A21A0B /* Resources */ = {
			isa = PBXResourcesBuildPhase;
			buildActionMask = 2147483647;
			files = (
			);
			runOnlyForDeploymentPostprocessing = 0;
		};
/* End PBXResourcesBuildPhase section */

/* Begin PBXSourcesBuildPhase section */
		F68E5FEA237C897800D89741 /* Sources */ = {
			isa = PBXSourcesBuildPhase;
			buildActionMask = 2147483647;
			files = (
				F6BA5BFC23807F9F00A21A0B /* ContactManager.swift in Sources */,
				F68E5FF6237C897800D89741 /* ViewController.swift in Sources */,
				F68E5FF2237C897800D89741 /* AppDelegate.swift in Sources */,
				F68E6017237C8A2700D89741 /* Person.swift in Sources */,
				F68E5FF4237C897800D89741 /* SceneDelegate.swift in Sources */,
			);
			runOnlyForDeploymentPostprocessing = 0;
		};
		F68E6005237C89A400D89741 /* Sources */ = {
			isa = PBXSourcesBuildPhase;
			buildActionMask = 2147483647;
			files = (
				F68E6014237C89D800D89741 /* PersonTests.swift in Sources */,
				F68E600C237C89A400D89741 /* TDDHomeWorkTests.swift in Sources */,
				F6BA5C092380956800A21A0B /* ViewControllerTests.swift in Sources */,
				F6BA5BFE23807FCA00A21A0B /* ContactManagerTests.swift in Sources */,
			);
			runOnlyForDeploymentPostprocessing = 0;
		};
		F6BA5C1D2380A31300A21A0B /* Sources */ = {
			isa = PBXSourcesBuildPhase;
			buildActionMask = 2147483647;
			files = (
				F6BA5C242380A31300A21A0B /* TDDHomeWorkUITests.swift in Sources */,
			);
			runOnlyForDeploymentPostprocessing = 0;
		};
/* End PBXSourcesBuildPhase section */

/* Begin PBXTargetDependency section */
		F68E600F237C89A400D89741 /* PBXTargetDependency */ = {
			isa = PBXTargetDependency;
			target = F68E5FED237C897800D89741 /* TDDHomeWork */;
			targetProxy = F68E600E237C89A400D89741 /* PBXContainerItemProxy */;
		};
		F6BA5C272380A31300A21A0B /* PBXTargetDependency */ = {
			isa = PBXTargetDependency;
			target = F68E5FED237C897800D89741 /* TDDHomeWork */;
			targetProxy = F6BA5C262380A31300A21A0B /* PBXContainerItemProxy */;
		};
/* End PBXTargetDependency section */

/* Begin PBXVariantGroup section */
		F68E5FF7237C897800D89741 /* Main.storyboard */ = {
			isa = PBXVariantGroup;
			children = (
				F68E5FF8237C897800D89741 /* Base */,
			);
			name = Main.storyboard;
			sourceTree = "<group>";
		};
		F68E5FFC237C897A00D89741 /* LaunchScreen.storyboard */ = {
			isa = PBXVariantGroup;
			children = (
				F68E5FFD237C897A00D89741 /* Base */,
			);
			name = LaunchScreen.storyboard;
			sourceTree = "<group>";
		};
/* End PBXVariantGroup section */

/* Begin XCBuildConfiguration section */
		F68E6000237C897A00D89741 /* Debug */ = {
			isa = XCBuildConfiguration;
			buildSettings = {
				ALWAYS_SEARCH_USER_PATHS = NO;
				CLANG_ANALYZER_NONNULL = YES;
				CLANG_ANALYZER_NUMBER_OBJECT_CONVERSION = YES_AGGRESSIVE;
				CLANG_CXX_LANGUAGE_STANDARD = "gnu++14";
				CLANG_CXX_LIBRARY = "libc++";
				CLANG_ENABLE_MODULES = YES;
				CLANG_ENABLE_OBJC_ARC = YES;
				CLANG_ENABLE_OBJC_WEAK = YES;
				CLANG_WARN_BLOCK_CAPTURE_AUTORELEASING = YES;
				CLANG_WARN_BOOL_CONVERSION = YES;
				CLANG_WARN_COMMA = YES;
				CLANG_WARN_CONSTANT_CONVERSION = YES;
				CLANG_WARN_DEPRECATED_OBJC_IMPLEMENTATIONS = YES;
				CLANG_WARN_DIRECT_OBJC_ISA_USAGE = YES_ERROR;
				CLANG_WARN_DOCUMENTATION_COMMENTS = YES;
				CLANG_WARN_EMPTY_BODY = YES;
				CLANG_WARN_ENUM_CONVERSION = YES;
				CLANG_WARN_INFINITE_RECURSION = YES;
				CLANG_WARN_INT_CONVERSION = YES;
				CLANG_WARN_NON_LITERAL_NULL_CONVERSION = YES;
				CLANG_WARN_OBJC_IMPLICIT_RETAIN_SELF = YES;
				CLANG_WARN_OBJC_LITERAL_CONVERSION = YES;
				CLANG_WARN_OBJC_ROOT_CLASS = YES_ERROR;
				CLANG_WARN_RANGE_LOOP_ANALYSIS = YES;
				CLANG_WARN_STRICT_PROTOTYPES = YES;
				CLANG_WARN_SUSPICIOUS_MOVE = YES;
				CLANG_WARN_UNGUARDED_AVAILABILITY = YES_AGGRESSIVE;
				CLANG_WARN_UNREACHABLE_CODE = YES;
				CLANG_WARN__DUPLICATE_METHOD_MATCH = YES;
				COPY_PHASE_STRIP = NO;
				DEBUG_INFORMATION_FORMAT = dwarf;
				ENABLE_STRICT_OBJC_MSGSEND = YES;
				ENABLE_TESTABILITY = YES;
				GCC_C_LANGUAGE_STANDARD = gnu11;
				GCC_DYNAMIC_NO_PIC = NO;
				GCC_NO_COMMON_BLOCKS = YES;
				GCC_OPTIMIZATION_LEVEL = 0;
				GCC_PREPROCESSOR_DEFINITIONS = (
					"DEBUG=1",
					"$(inherited)",
				);
				GCC_WARN_64_TO_32_BIT_CONVERSION = YES;
				GCC_WARN_ABOUT_RETURN_TYPE = YES_ERROR;
				GCC_WARN_UNDECLARED_SELECTOR = YES;
				GCC_WARN_UNINITIALIZED_AUTOS = YES_AGGRESSIVE;
				GCC_WARN_UNUSED_FUNCTION = YES;
				GCC_WARN_UNUSED_VARIABLE = YES;
				IPHONEOS_DEPLOYMENT_TARGET = 13.2;
				MTL_ENABLE_DEBUG_INFO = INCLUDE_SOURCE;
				MTL_FAST_MATH = YES;
				ONLY_ACTIVE_ARCH = YES;
				SDKROOT = iphoneos;
				SWIFT_ACTIVE_COMPILATION_CONDITIONS = DEBUG;
				SWIFT_OPTIMIZATION_LEVEL = "-Onone";
			};
			name = Debug;
		};
		F68E6001237C897A00D89741 /* Release */ = {
			isa = XCBuildConfiguration;
			buildSettings = {
				ALWAYS_SEARCH_USER_PATHS = NO;
				CLANG_ANALYZER_NONNULL = YES;
				CLANG_ANALYZER_NUMBER_OBJECT_CONVERSION = YES_AGGRESSIVE;
				CLANG_CXX_LANGUAGE_STANDARD = "gnu++14";
				CLANG_CXX_LIBRARY = "libc++";
				CLANG_ENABLE_MODULES = YES;
				CLANG_ENABLE_OBJC_ARC = YES;
				CLANG_ENABLE_OBJC_WEAK = YES;
				CLANG_WARN_BLOCK_CAPTURE_AUTORELEASING = YES;
				CLANG_WARN_BOOL_CONVERSION = YES;
				CLANG_WARN_COMMA = YES;
				CLANG_WARN_CONSTANT_CONVERSION = YES;
				CLANG_WARN_DEPRECATED_OBJC_IMPLEMENTATIONS = YES;
				CLANG_WARN_DIRECT_OBJC_ISA_USAGE = YES_ERROR;
				CLANG_WARN_DOCUMENTATION_COMMENTS = YES;
				CLANG_WARN_EMPTY_BODY = YES;
				CLANG_WARN_ENUM_CONVERSION = YES;
				CLANG_WARN_INFINITE_RECURSION = YES;
				CLANG_WARN_INT_CONVERSION = YES;
				CLANG_WARN_NON_LITERAL_NULL_CONVERSION = YES;
				CLANG_WARN_OBJC_IMPLICIT_RETAIN_SELF = YES;
				CLANG_WARN_OBJC_LITERAL_CONVERSION = YES;
				CLANG_WARN_OBJC_ROOT_CLASS = YES_ERROR;
				CLANG_WARN_RANGE_LOOP_ANALYSIS = YES;
				CLANG_WARN_STRICT_PROTOTYPES = YES;
				CLANG_WARN_SUSPICIOUS_MOVE = YES;
				CLANG_WARN_UNGUARDED_AVAILABILITY = YES_AGGRESSIVE;
				CLANG_WARN_UNREACHABLE_CODE = YES;
				CLANG_WARN__DUPLICATE_METHOD_MATCH = YES;
				COPY_PHASE_STRIP = NO;
				DEBUG_INFORMATION_FORMAT = "dwarf-with-dsym";
				ENABLE_NS_ASSERTIONS = NO;
				ENABLE_STRICT_OBJC_MSGSEND = YES;
				GCC_C_LANGUAGE_STANDARD = gnu11;
				GCC_NO_COMMON_BLOCKS = YES;
				GCC_WARN_64_TO_32_BIT_CONVERSION = YES;
				GCC_WARN_ABOUT_RETURN_TYPE = YES_ERROR;
				GCC_WARN_UNDECLARED_SELECTOR = YES;
				GCC_WARN_UNINITIALIZED_AUTOS = YES_AGGRESSIVE;
				GCC_WARN_UNUSED_FUNCTION = YES;
				GCC_WARN_UNUSED_VARIABLE = YES;
				IPHONEOS_DEPLOYMENT_TARGET = 13.2;
				MTL_ENABLE_DEBUG_INFO = NO;
				MTL_FAST_MATH = YES;
				SDKROOT = iphoneos;
				SWIFT_COMPILATION_MODE = wholemodule;
				SWIFT_OPTIMIZATION_LEVEL = "-O";
				VALIDATE_PRODUCT = YES;
			};
			name = Release;
		};
		F68E6003237C897A00D89741 /* Debug */ = {
			isa = XCBuildConfiguration;
			buildSettings = {
				ASSETCATALOG_COMPILER_APPICON_NAME = AppIcon;
				CODE_SIGN_STYLE = Automatic;
				DEVELOPMENT_TEAM = RYT7ZAW62J;
				INFOPLIST_FILE = "$(SRCROOT)/TDDHomeWork/Support/Info.plist";
				LD_RUNPATH_SEARCH_PATHS = (
					"$(inherited)",
					"@executable_path/Frameworks",
				);
				PRODUCT_BUNDLE_IDENTIFIER = roman.TDDHomeWork;
				PRODUCT_NAME = "$(TARGET_NAME)";
				SWIFT_VERSION = 5.0;
				TARGETED_DEVICE_FAMILY = "1,2";
			};
			name = Debug;
		};
		F68E6004237C897A00D89741 /* Release */ = {
			isa = XCBuildConfiguration;
			buildSettings = {
				ASSETCATALOG_COMPILER_APPICON_NAME = AppIcon;
				CODE_SIGN_STYLE = Automatic;
				DEVELOPMENT_TEAM = RYT7ZAW62J;
				INFOPLIST_FILE = "$(SRCROOT)/TDDHomeWork/Support/Info.plist";
				LD_RUNPATH_SEARCH_PATHS = (
					"$(inherited)",
					"@executable_path/Frameworks",
				);
				PRODUCT_BUNDLE_IDENTIFIER = roman.TDDHomeWork;
				PRODUCT_NAME = "$(TARGET_NAME)";
				SWIFT_VERSION = 5.0;
				TARGETED_DEVICE_FAMILY = "1,2";
			};
			name = Release;
		};
		F68E6011237C89A400D89741 /* Debug */ = {
			isa = XCBuildConfiguration;
			buildSettings = {
				BUNDLE_LOADER = "$(TEST_HOST)";
				CODE_SIGN_STYLE = Automatic;
				DEVELOPMENT_TEAM = RYT7ZAW62J;
				INFOPLIST_FILE = TDDHomeWorkTests/Info.plist;
				LD_RUNPATH_SEARCH_PATHS = (
					"$(inherited)",
					"@executable_path/Frameworks",
					"@loader_path/Frameworks",
				);
				PRODUCT_BUNDLE_IDENTIFIER = roman.TDDHomeWorkTests;
				PRODUCT_NAME = "$(TARGET_NAME)";
				SWIFT_VERSION = 5.0;
				TARGETED_DEVICE_FAMILY = "1,2";
				TEST_HOST = "$(BUILT_PRODUCTS_DIR)/TDDHomeWork.app/TDDHomeWork";
			};
			name = Debug;
		};
		F68E6012237C89A400D89741 /* Release */ = {
			isa = XCBuildConfiguration;
			buildSettings = {
				BUNDLE_LOADER = "$(TEST_HOST)";
				CODE_SIGN_STYLE = Automatic;
				DEVELOPMENT_TEAM = RYT7ZAW62J;
				INFOPLIST_FILE = TDDHomeWorkTests/Info.plist;
				LD_RUNPATH_SEARCH_PATHS = (
					"$(inherited)",
					"@executable_path/Frameworks",
					"@loader_path/Frameworks",
				);
				PRODUCT_BUNDLE_IDENTIFIER = roman.TDDHomeWorkTests;
				PRODUCT_NAME = "$(TARGET_NAME)";
				SWIFT_VERSION = 5.0;
				TARGETED_DEVICE_FAMILY = "1,2";
				TEST_HOST = "$(BUILT_PRODUCTS_DIR)/TDDHomeWork.app/TDDHomeWork";
			};
			name = Release;
		};
		F6BA5C292380A31300A21A0B /* Debug */ = {
			isa = XCBuildConfiguration;
			buildSettings = {
				CODE_SIGN_STYLE = Automatic;
				DEVELOPMENT_TEAM = RYT7ZAW62J;
				INFOPLIST_FILE = TDDHomeWorkUITests/Info.plist;
				LD_RUNPATH_SEARCH_PATHS = (
					"$(inherited)",
					"@executable_path/Frameworks",
					"@loader_path/Frameworks",
				);
				PRODUCT_BUNDLE_IDENTIFIER = roman.TDDHomeWorkUITests;
				PRODUCT_NAME = "$(TARGET_NAME)";
				SWIFT_VERSION = 5.0;
				TARGETED_DEVICE_FAMILY = "1,2";
				TEST_TARGET_NAME = TDDHomeWork;
			};
			name = Debug;
		};
		F6BA5C2A2380A31300A21A0B /* Release */ = {
			isa = XCBuildConfiguration;
			buildSettings = {
				CODE_SIGN_STYLE = Automatic;
				DEVELOPMENT_TEAM = RYT7ZAW62J;
				INFOPLIST_FILE = TDDHomeWorkUITests/Info.plist;
				LD_RUNPATH_SEARCH_PATHS = (
					"$(inherited)",
					"@executable_path/Frameworks",
					"@loader_path/Frameworks",
				);
				PRODUCT_BUNDLE_IDENTIFIER = roman.TDDHomeWorkUITests;
				PRODUCT_NAME = "$(TARGET_NAME)";
				SWIFT_VERSION = 5.0;
				TARGETED_DEVICE_FAMILY = "1,2";
				TEST_TARGET_NAME = TDDHomeWork;
			};
			name = Release;
		};
/* End XCBuildConfiguration section */

/* Begin XCConfigurationList section */
		F68E5FE9237C897800D89741 /* Build configuration list for PBXProject "TDDHomeWork" */ = {
			isa = XCConfigurationList;
			buildConfigurations = (
				F68E6000237C897A00D89741 /* Debug */,
				F68E6001237C897A00D89741 /* Release */,
			);
			defaultConfigurationIsVisible = 0;
			defaultConfigurationName = Release;
		};
		F68E6002237C897A00D89741 /* Build configuration list for PBXNativeTarget "TDDHomeWork" */ = {
			isa = XCConfigurationList;
			buildConfigurations = (
				F68E6003237C897A00D89741 /* Debug */,
				F68E6004237C897A00D89741 /* Release */,
			);
			defaultConfigurationIsVisible = 0;
			defaultConfigurationName = Release;
		};
		F68E6010237C89A400D89741 /* Build configuration list for PBXNativeTarget "TDDHomeWorkTests" */ = {
			isa = XCConfigurationList;
			buildConfigurations = (
				F68E6011237C89A400D89741 /* Debug */,
				F68E6012237C89A400D89741 /* Release */,
			);
			defaultConfigurationIsVisible = 0;
			defaultConfigurationName = Release;
		};
		F6BA5C282380A31300A21A0B /* Build configuration list for PBXNativeTarget "TDDHomeWorkUITests" */ = {
			isa = XCConfigurationList;
			buildConfigurations = (
				F6BA5C292380A31300A21A0B /* Debug */,
				F6BA5C2A2380A31300A21A0B /* Release */,
			);
			defaultConfigurationIsVisible = 0;
			defaultConfigurationName = Release;
		};
/* End XCConfigurationList section */
	};
	rootObject = F68E5FE6237C897800D89741 /* Project object */;
}
